
Microsoft Visual Studio Solution File, Format Version 12.00
# Visual Studio Version 16
VisualStudioVersion = 16.0.30413.136
MinimumVisualStudioVersion = 10.0.40219.1
Project("{8BC9CEB8-8B4A-11D0-8D11-00A0C91BC942}") = "lab4.1", "lab4.1.vcxproj", "{03080C45-0FB5-4935-8DCA-66A1A667ACBA}"
EndProject
Global
	GlobalSection(SolutionConfigurationPlatforms) = preSolution
		Debug|x64 = Debug|x64
		Debug|x86 = Debug|x86
		Release|x64 = Release|x64
		Release|x86 = Release|x86
	EndGlobalSection
	GlobalSection(ProjectConfigurationPlatforms) = postSolution
		{03080C45-0FB5-4935-8DCA-66A1A667ACBA}.Debug|x64.ActiveCfg = Debug|x64
		{03080C45-0FB5-4935-8DCA-66A1A667ACBA}.Debug|x64.Build.0 = Debug|x64
		{03080C45-0FB5-4935-8DCA-66A1A667ACBA}.Debug|x86.ActiveCfg = Debug|Win32
		{03080C45-0FB5-4935-8DCA-66A1A667ACBA}.Debug|x86.Build.0 = Debug|Win32
		{03080C45-0FB5-4935-8DCA-66A1A667ACBA}.Release|x64.ActiveCfg = Release|x64
		{03080C45-0FB5-4935-8DCA-66A1A667ACBA}.Release|x64.Build.0 = Release|x64
		{03080C45-0FB5-4935-8DCA-66A1A667ACBA}.Release|x86.ActiveCfg = Release|Win32
		{03080C45-0FB5-4935-8DCA-66A1A667ACBA}.Release|x86.Build.0 = Release|Win32
	EndGlobalSection
	GlobalSection(SolutionProperties) = preSolution
		HideSolutionNode = FALSE
	EndGlobalSection
	GlobalSection(ExtensibilityGlobals) = postSolution
		SolutionGuid = {BB043DAE-94C7-46AE-81BD-0AF78D6DC0F9}
	EndGlobalSection
EndGlobal
